
Microsoft Visual Studio Solution File, Format Version 12.00
# Visual Studio 15
VisualStudioVersion = 15.0.28307.572
MinimumVisualStudioVersion = 10.0.40219.1
Project("{FAE04EC0-301F-11D3-BF4B-00C04F79EFBC}") = "DutchTreat", "DutchTreat\DutchTreat.csproj", "{5380C0F4-7F3E-455A-B292-65C3F35540E0}"
EndProject
Global
	GlobalSection(SolutionConfigurationPlatforms) = preSolution
		Debug|Any CPU = Debug|Any CPU
		Release|Any CPU = Release|Any CPU
	EndGlobalSection
	GlobalSection(ProjectConfigurationPlatforms) = postSolution
		{5380C0F4-7F3E-455A-B292-65C3F35540E0}.Debug|Any CPU.ActiveCfg = Debug|Any CPU
		{5380C0F4-7F3E-455A-B292-65C3F35540E0}.Debug|Any CPU.Build.0 = Debug|Any CPU
		{5380C0F4-7F3E-455A-B292-65C3F35540E0}.Release|Any CPU.ActiveCfg = Release|Any CPU
		{5380C0F4-7F3E-455A-B292-65C3F35540E0}.Release|Any CPU.Build.0 = Release|Any CPU
	EndGlobalSection
	GlobalSection(SolutionProperties) = preSolution
		HideSolutionNode = FALSE
	EndGlobalSection
	GlobalSection(ExtensibilityGlobals) = postSolution
		SolutionGuid = {7886B1A4-C18D-4391-A34F-BBCF5BFA4316}
	EndGlobalSection
EndGlobal
